{
  "202608301321-one-active-scope.md": "2b9cf9774285689f41a28cf8a198670143763dfff5577e625d11475f37ec8f27",
  "202608301322-no-app-copies.md": "d7cc5f7d7270c65e330b4c027c8d7e1e574b733e84ff643b2bdb3b8d28a205cb",
  "202608301323-no-per-release-workflows.md": "e7413f209ef65576bc0df411fa6338676c5e1ebe0b6e6a30053289506ef42e1d",
  "202608301324-no-expiry-windows.md": "e33607ab92eade10d0e609fbf19eacbddb5ceee4eb09ba4622c8668fbff95d0c",
  "202608301325-self-terminating-loops.md": "0a39b1eccc11a6793a90015864f61ae85375ee5bc1cc8af384460b07fd6e919e",
  "202608301326-chaining-token.md": "1f79357a5fcc7313d17338597a8d0ae242d710aa121ca37aa517148250ad13c6",
  "202608301327-pointer-verifies.md": "df61a2cf2d27896648ad63c51fc6383ebaadd157666cff5cae976737256d67f3",
  "202608301328-derived-state-not-authored.md": "29fbed3907f25d486d9dd568b977f3ea8cd52c86f6acb05c9f546b7c785f9dce",
  "202608301329-context-diet.md": "5dd01451dfcfe5f3393758fd501065abc21a91613905284c34adf4916ceb943a",
  "202608301330-rollback-exists.md": "bee82a3eaf53ba2d70e2f614585493eab063ca4695e1373e621a58c4e261ea53",
  "202608301440-registry-integrity.md": "62dfec4d01ea56d33192caf7a7a97a139d48918f95a4b64568a539a3726c9a76",
  "202608301441-no-dangerous-apis.md": "97eb20fa1226d8574686fd73a20800a06773ea3553e0e84475e925352f6618b4",
  "202608301442-pinned-actions.md": "ba4f42083d428ff38285b8d1701471fc6620ce8eba0ce967adad5aa6e4797f9a",
  "202608301443-least-permissions.md": "199846b86011e22982f63384a7fdf7776e55c4327b85e0bb3b7070b5733e7237",
  "202608301444-agent-quarantine.md": "746e030431ad7ed2ad33e5288ff5381284de2b85690f149898e73e24e084a0e0",
  "202608301445-vocabulary.md": "bf41cf276af01ef13cdcd65e9f857f4cba029cec325a16da39fd8b2aa417c7b8"
}
