{
  "202608301321-one-active-scope.md": "2b9cf9774285689f41a28cf8a198670143763dfff5577e625d11475f37ec8f27",
  "202608301322-no-app-copies.md": "587c82a21b6e93a6a1163901bc13bbecacef9259d5e0cda62e879e84c044ed1b",
  "202608301323-no-per-release-workflows.md": "e7413f209ef65576bc0df411fa6338676c5e1ebe0b6e6a30053289506ef42e1d",
  "202608301324-no-expiry-windows.md": "0ab9b3698fdf2d77a51f3ba6eda61c6f864a8762cd603b35d59dfcaa49e13743",
  "202608301325-self-terminating-loops.md": "0a39b1eccc11a6793a90015864f61ae85375ee5bc1cc8af384460b07fd6e919e",
  "202608301326-chaining-token.md": "1f79357a5fcc7313d17338597a8d0ae242d710aa121ca37aa517148250ad13c6",
  "202608301327-pointer-verifies.md": "df61a2cf2d27896648ad63c51fc6383ebaadd157666cff5cae976737256d67f3",
  "202608301328-derived-state-not-authored.md": "9a48880dc99403c45c52f9c128809a8f76aafb71583ddd186730972d161ee58a",
  "202608301329-context-diet.md": "5dd01451dfcfe5f3393758fd501065abc21a91613905284c34adf4916ceb943a",
  "202608301330-rollback-exists.md": "bee82a3eaf53ba2d70e2f614585493eab063ca4695e1373e621a58c4e261ea53",
  "202608301440-registry-integrity.md": "62dfec4d01ea56d33192caf7a7a97a139d48918f95a4b64568a539a3726c9a76",
  "202608301441-no-dangerous-apis.md": "9d2806cb606ca2cb542ba2893d26e64ec9318f447960d77dbafffda48e216078",
  "202608301442-pinned-actions.md": "6e3a949c8ec2877f1f93c67eac4ac59d017516d50299eab8a9f340b7de7b6e31",
  "202608301443-least-permissions.md": "026e6594b855f041f6b99b5c083322f98085fe70fa321e3f51416277dfab52ef",
  "202608301444-agent-quarantine.md": "f73721834bd60b11dc6e8d3778fce16a10be5ee681be63d83cab82d7a0345c1b",
  "202608301445-vocabulary.md": "f56cf97ff3880d247a64e75ed6d1b786f3853aa8b3469e3414de91c45bb7b052",
  "202608301701-monotonic-utc-generations.md": "0a19b8e03e39ae25475805c00f72e1bb9c0a73d860f85e810d18b6343790d056",
  "202608301702-on-ledger-commits.md": "143037a0c98682379529efb12337e885118dcba9ce1b18d831a6ba3eece4b05d",
  "202608301703-executor-declared.md": "95123bd94f62250356a831e669ab796d300cad0cec90c212baf2ecbd53f4395d",
  "202608301704-loop-exists.md": "97123837ecabc7cd98694aee34c2b5eb4339f95f417083e3ccc58021069fb131",
  "202608301705-rollback-exercised.md": "4012b85f262399920fd37a0bfe2857561bc3f5f5e998a5daf38a60a0d2496e95",
  "202608301706-attestation-freshness.md": "af93c2aa7d3f017d9886b7ac1ed2422ba5432ccb614475aeec32cc9aff99bc62",
  "202608301720-full-history-checkout.md": "119004a6c4515949259bb27f005f6c96a8fb690d5349cb0ac75b8aca7986caa8",
  "202608301810-no-time-based-gates.md": "3729a1e8796955198a9483f89cd6534862189889ec3396f9cb0da1241734a20c",
  "202608311458-release-name-convention.md": "e72a06e079e61f679a3fe5368e3b65c5e0e97cad4b5ce9c917e68c2d82fd354e",
  "202608312045-page-data-block-parses.md": "73682abef592851ad4ce1c6809c0f182c84aa86f45996008684c7826f79097cd",
  "202609031019-memory-store-complete.md": "75a7f3b346859f3877ee6b7c3498568713d4abc85109fa3dbd283fe91c6b7963",
  "202609032335-serial-release-cutter.md": "30258dae01f3310a342de5b347f7ebe4a01711a5cc2dc70b58fdead6d6e4f214",
  "202609032336-source-receipt-classification.md": "956b09b992e98af57dd7c0160b71b9e99210ea0c9f3da383d939c4c7b59ec955",
  "202609032337-promotion-authority-separated.md": "fd5181bd4f822563902a92b1532d2ae9ffbc861f995c7a1644788d10b895bc3e",
  "202609032338-observer-data-only.md": "665150c1643b964d5d495fed825e4a8b6aaf8b806196661b6342c5e3bed4c396"
}
